
Microsoft Visual Studio Solution File, Format Version 12.00
# Visual Studio Version 17
VisualStudioVersion = 17.14.36518.9
MinimumVisualStudioVersion = 10.0.40219.1
Project("{FAE04EC0-301F-11D3-BF4B-00C04F79EFBC}") = "RouteEditorCS", "RouteEditorCS.csproj", "{D3BF5A7A-1430-4C7A-866D-829F7DE938AD}"
EndProject
Project("{FAE04EC0-301F-11D3-BF4B-00C04F79EFBC}") = "RouteEditorCS.Tests", "OffRouteMap.Tests\RouteEditorCS.Tests.csproj", "{8C0D9363-92FA-476B-8C41-6653FCE9FAFA}"
EndProject
Global
	GlobalSection(SolutionConfigurationPlatforms) = preSolution
		Debug|Any CPU = Debug|Any CPU
		Release|Any CPU = Release|Any CPU
	EndGlobalSection
	GlobalSection(ProjectConfigurationPlatforms) = postSolution
		{D3BF5A7A-1430-4C7A-866D-829F7DE938AD}.Debug|Any CPU.ActiveCfg = Debug|Any CPU
		{D3BF5A7A-1430-4C7A-866D-829F7DE938AD}.Debug|Any CPU.Build.0 = Debug|Any CPU
		{D3BF5A7A-1430-4C7A-866D-829F7DE938AD}.Release|Any CPU.ActiveCfg = Release|Any CPU
		{D3BF5A7A-1430-4C7A-866D-829F7DE938AD}.Release|Any CPU.Build.0 = Release|Any CPU
		{8C0D9363-92FA-476B-8C41-6653FCE9FAFA}.Debug|Any CPU.ActiveCfg = Debug|Any CPU
		{8C0D9363-92FA-476B-8C41-6653FCE9FAFA}.Debug|Any CPU.Build.0 = Debug|Any CPU
		{8C0D9363-92FA-476B-8C41-6653FCE9FAFA}.Release|Any CPU.ActiveCfg = Release|Any CPU
		{8C0D9363-92FA-476B-8C41-6653FCE9FAFA}.Release|Any CPU.Build.0 = Release|Any CPU
	EndGlobalSection
	GlobalSection(SolutionProperties) = preSolution
		HideSolutionNode = FALSE
	EndGlobalSection
	GlobalSection(ExtensibilityGlobals) = postSolution
		SolutionGuid = {A43AC2A8-A37A-4748-BE6A-7ADF117E1FA3}
	EndGlobalSection
EndGlobal
